{
  "name": "chat-spot",
  "version": "0.0.5",
  "lockfileVersion": 2,
  "requires": true,
  "packages": {
    "": {
      "name": "chat-spot",
      "version": "0.0.5",
      "hasInstallScript": true,
      "license": "MIT",
      "dependencies": {
        "electron-screenshots": "^0.5.26"
      },
      "devDependencies": {
        "@types/debug": "^4.1.12"
      }
    },
    "node_modules/@types/debug": {
      "version": "4.1.12",
      "resolved": "https://registry.npmmirror.com/@types/debug/-/debug-4.1.12.tgz",
      "integrity": "sha512-vIChWdVG3LG1SMxEvI/AK+FWJthlrqlTu7fbrlywTkkaONwk/UAGaULXRlf8vkzFBLVm0zkMdCquhL5aOjhXPQ==",
      "dev": true,
      "dependencies": {
        "@types/ms": "*"
      }
    },
    "node_modules/@types/ms": {
      "version": "0.7.34",
      "resolved": "https://registry.npmmirror.com/@types/ms/-/ms-0.7.34.tgz",
      "integrity": "sha512-nG96G3Wp6acyAgJqGasjODb+acrI7KltPiRxzHPXnP3NgI28bpQDRv53olbqGXbfcgF5aiiHmO3xpwEpS5Ld9g==",
      "dev": true
    },
    "node_modules/debug": {
      "version": "4.3.4",
      "resolved": "https://registry.npmmirror.com/debug/-/debug-4.3.4.tgz",
      "integrity": "sha512-PRWFHuSU3eDtQJPvnNY7Jcket1j0t5OuOsFzPPzsekD52Zl8qUfFIPEiswXqIvHWGVHOgX+7G/vCNNhehwxfkQ==",
      "dependencies": {
        "ms": "2.1.2"
      },
      "engines": {
        "node": ">=6.0"
      },
      "peerDependenciesMeta": {
        "supports-color": {
          "optional": true
        }
      }
    },
    "node_modules/electron-screenshots": {
      "version": "0.5.26",
      "resolved": "https://registry.npmmirror.com/electron-screenshots/-/electron-screenshots-0.5.26.tgz",
      "integrity": "sha512-btr1S8arUt+rqVjgiY4+hdi9DQJGCYHG9x0A3n3rrJvCaet7XnRRnEULXDLtY86CZHeg7JsQzeMdQ4Lj2Bu8lQ==",
      "dependencies": {
        "debug": "^4.3.4",
        "fs-extra": "^11.1.1",
        "node-screenshots": "^0.1.9",
        "react-screenshots": "^0.5.22"
      },
      "peerDependencies": {
        "electron": ">=14"
      }
    },
    "node_modules/electron-screenshots/node_modules/fs-extra": {
      "version": "11.2.0",
      "resolved": "https://registry.npmmirror.com/fs-extra/-/fs-extra-11.2.0.tgz",
      "integrity": "sha512-PmDi3uwK5nFuXh7XDTlVnS17xJS7vW36is2+w3xcv8SVxiB4NyATf4ctkVY5bkSjX0Y4nbvZCq1/EjtEyr9ktw==",
      "dependencies": {
        "graceful-fs": "^4.2.0",
        "jsonfile": "^6.0.1",
        "universalify": "^2.0.0"
      },
      "engines": {
        "node": ">=14.14"
      }
    },
    "node_modules/electron-screenshots/node_modules/jsonfile": {
      "version": "6.1.0",
      "resolved": "https://registry.npmmirror.com/jsonfile/-/jsonfile-6.1.0.tgz",
      "integrity": "sha512-5dgndWOriYSm5cnYaJNhalLNDKOqFwyDB/rr1E9ZsGciGvKPs8R2xYGCacuf3z6K1YKDz182fd+fY3cn3pMqXQ==",
      "dependencies": {
        "universalify": "^2.0.0"
      },
      "optionalDependencies": {
        "graceful-fs": "^4.1.6"
      }
    },
    "node_modules/electron-screenshots/node_modules/universalify": {
      "version": "2.0.1",
      "resolved": "https://registry.npmmirror.com/universalify/-/universalify-2.0.1.tgz",
      "integrity": "sha512-gptHNQghINnc/vTGIk0SOFGFNXw7JVrlRUtConJRlvaw6DuX0wO5Jeko9sWrMBhh+PsYAZ7oXAiOnf/UKogyiw==",
      "engines": {
        "node": ">= 10.0.0"
      }
    },
    "node_modules/graceful-fs": {
      "version": "4.2.11",
      "resolved": "https://registry.npmmirror.com/graceful-fs/-/graceful-fs-4.2.11.tgz",
      "integrity": "sha512-RbJ5/jmFcNNCcDV5o9eTnBLJ/HszWV0P73bc+Ff4nS/rJj+YaS6IGyiOL0VoBYX+l1Wrl3k63h/KrH+nhJ0XvQ=="
    },
    "node_modules/ms": {
      "version": "2.1.2",
      "resolved": "https://registry.npmmirror.com/ms/-/ms-2.1.2.tgz",
      "integrity": "sha512-sGkPx+VjMtmA6MX27oA4FBFELFCZZ4S4XqeGOXCv68tT+jb3vk/RyaKWP0PTKyWtmLSM0b+adUTEvbs1PEaH2w=="
    },
    "node_modules/node-screenshots": {
      "version": "0.1.9",
      "resolved": "https://registry.npmmirror.com/node-screenshots/-/node-screenshots-0.1.9.tgz",
      "integrity": "sha512-9f6yV/e7LU0KWkOJAQNR6GTEtnbnSaZKf9ukkF1VDJk0qj3aIcedQqYtd92IdEK8chVg+YbMfSuchlhq8iHI0Q==",
      "engines": {
        "node": ">= 10"
      },
      "optionalDependencies": {
        "node-screenshots-darwin-arm64": "0.1.9",
        "node-screenshots-darwin-universal": "0.1.9",
        "node-screenshots-darwin-x64": "0.1.9",
        "node-screenshots-linux-x64-gnu": "0.1.9",
        "node-screenshots-linux-x64-musl": "0.1.9",
        "node-screenshots-win32-arm64-msvc": "0.1.9",
        "node-screenshots-win32-ia32-msvc": "0.1.9",
        "node-screenshots-win32-x64-msvc": "0.1.9"
      }
    },
    "node_modules/node-screenshots-darwin-arm64": {
      "version": "0.1.9",
      "resolved": "https://registry.npmmirror.com/node-screenshots-darwin-arm64/-/node-screenshots-darwin-arm64-0.1.9.tgz",
      "integrity": "sha512-zDhuui2hsgUA5FyL1wQQ9c2lPbvqmJzi45g7J+sxEmDDvRjmVv+92wTuiWuERiVAIkpjN2h+f2IR3HtOgHJHXw==",
      "cpu": [
        "arm64"
      ],
      "optional": true,
      "os": [
        "darwin"
      ],
      "engines": {
        "node": ">= 10"
      }
    },
    "node_modules/node-screenshots-darwin-universal": {
      "version": "0.1.9",
      "resolved": "https://registry.npmmirror.com/node-screenshots-darwin-universal/-/node-screenshots-darwin-universal-0.1.9.tgz",
      "integrity": "sha512-4SbvokC/GvOTzYDQzcFa39c02mxWzvhIRT72J9ys82HcKgmeWWbVih2atLUvFONQrSnMt+pxrCUBqFiJVawcyQ==",
      "optional": true,
      "os": [
        "darwin"
      ],
      "engines": {
        "node": ">= 10"
      }
    },
    "node_modules/node-screenshots-darwin-x64": {
      "version": "0.1.9",
      "resolved": "https://registry.npmmirror.com/node-screenshots-darwin-x64/-/node-screenshots-darwin-x64-0.1.9.tgz",
      "integrity": "sha512-/+VYlLVbsoYYmV/by+oPZY7aUfwF02dyl0rWUxM+xaGn80o55zht05B4UaIN8vcuBByunsGv2gybECT6Gk74PA==",
      "cpu": [
        "x64"
      ],
      "optional": true,
      "os": [
        "darwin"
      ],
      "engines": {
        "node": ">= 10"
      }
    },
    "node_modules/node-screenshots-linux-x64-gnu": {
      "version": "0.1.9",
      "resolved": "https://registry.npmmirror.com/node-screenshots-linux-x64-gnu/-/node-screenshots-linux-x64-gnu-0.1.9.tgz",
      "integrity": "sha512-n7uTdNJCMqJ3tEMRq0wAOsq8qiK8cbOV+fqDgaQnlFLY+5PTxH67r09r41CJdWwX5sGeDsKHguosh7ZcGte+TA==",
      "cpu": [
        "x64"
      ],
      "optional": true,
      "os": [
        "linux"
      ],
      "engines": {
        "node": ">= 10"
      }
    },
    "node_modules/node-screenshots-linux-x64-musl": {
      "version": "0.1.9",
      "resolved": "https://registry.npmmirror.com/node-screenshots-linux-x64-musl/-/node-screenshots-linux-x64-musl-0.1.9.tgz",
      "integrity": "sha512-zOIv5rIpL+ndWH0XWLrJOIELxh4P96WcE1omaql2oeWleS4EGwb0VqVJLhjadiMm1YROq8nvp8Vxz850nw5XPQ==",
      "cpu": [
        "x64"
      ],
      "optional": true,
      "os": [
        "linux"
      ],
      "engines": {
        "node": ">= 10"
      }
    },
    "node_modules/node-screenshots-win32-arm64-msvc": {
      "version": "0.1.9",
      "resolved": "https://registry.npmmirror.com/node-screenshots-win32-arm64-msvc/-/node-screenshots-win32-arm64-msvc-0.1.9.tgz",
      "integrity": "sha512-wBw6SsRSKcLMyM3zTx38rzPJ1l5MjDvveWbacpkSkOXmlMMknhDr7wOsDM/VvbBV9RnEid6+AJ25gXc35HJrcA==",
      "cpu": [
        "arm64"
      ],
      "optional": true,
      "os": [
        "win32"
      ],
      "engines": {
        "node": ">= 10"
      }
    },
    "node_modules/node-screenshots-win32-ia32-msvc": {
      "version": "0.1.9",
      "resolved": "https://registry.npmmirror.com/node-screenshots-win32-ia32-msvc/-/node-screenshots-win32-ia32-msvc-0.1.9.tgz",
      "integrity": "sha512-uZW5gbKV6Hrmk2tafoAyHnn48cJ0LWRsSh8HQjiOjyeYd2E29ubPczhlt7NhAxr7ZUCzDeOigEZYm+VV2HCTrg==",
      "cpu": [
        "ia32"
      ],
      "optional": true,
      "os": [
        "win32"
      ],
      "engines": {
        "node": ">= 10"
      }
    },
    "node_modules/node-screenshots-win32-x64-msvc": {
      "version": "0.1.9",
      "resolved": "https://registry.npmmirror.com/node-screenshots-win32-x64-msvc/-/node-screenshots-win32-x64-msvc-0.1.9.tgz",
      "integrity": "sha512-9HR/YaYwAImHeuptFtnQuP4/JI9OxfcqQlLiK1XgYwH18eTnv49ukG09MbDAiHvXXWYxQK3Q5w2H7da7FCoCWA==",
      "cpu": [
        "x64"
      ],
      "optional": true,
      "os": [
        "win32"
      ],
      "engines": {
        "node": ">= 10"
      }
    },
    "node_modules/react-screenshots": {
      "version": "0.5.22",
      "resolved": "https://registry.npmmirror.com/react-screenshots/-/react-screenshots-0.5.22.tgz",
      "integrity": "sha512-aooIlb1k6161BTqhhyADlMrlF0n1UdudjuhyvXaCQfwURXZNuUerMxFuOfwNCgSbPAHlxdHCWtYQ6iQT+RaF+w==",
      "peerDependencies": {
        "react": ">=16.8",
        "react-dom": ">=16.8"
      }
    }
  },
  "dependencies": {
    "@types/debug": {
      "version": "4.1.12",
      "resolved": "https://registry.npmmirror.com/@types/debug/-/debug-4.1.12.tgz",
      "integrity": "sha512-vIChWdVG3LG1SMxEvI/AK+FWJthlrqlTu7fbrlywTkkaONwk/UAGaULXRlf8vkzFBLVm0zkMdCquhL5aOjhXPQ==",
      "dev": true,
      "requires": {
        "@types/ms": "*"
      }
    },
    "@types/ms": {
      "version": "0.7.34",
      "resolved": "https://registry.npmmirror.com/@types/ms/-/ms-0.7.34.tgz",
      "integrity": "sha512-nG96G3Wp6acyAgJqGasjODb+acrI7KltPiRxzHPXnP3NgI28bpQDRv53olbqGXbfcgF5aiiHmO3xpwEpS5Ld9g==",
      "dev": true
    },
    "debug": {
      "version": "4.3.4",
      "resolved": "https://registry.npmmirror.com/debug/-/debug-4.3.4.tgz",
      "integrity": "sha512-PRWFHuSU3eDtQJPvnNY7Jcket1j0t5OuOsFzPPzsekD52Zl8qUfFIPEiswXqIvHWGVHOgX+7G/vCNNhehwxfkQ==",
      "requires": {
        "ms": "2.1.2"
      }
    },
    "electron-screenshots": {
      "version": "0.5.26",
      "resolved": "https://registry.npmmirror.com/electron-screenshots/-/electron-screenshots-0.5.26.tgz",
      "integrity": "sha512-btr1S8arUt+rqVjgiY4+hdi9DQJGCYHG9x0A3n3rrJvCaet7XnRRnEULXDLtY86CZHeg7JsQzeMdQ4Lj2Bu8lQ==",
      "requires": {
        "debug": "^4.3.4",
        "fs-extra": "^11.1.1",
        "node-screenshots": "^0.1.9",
        "react-screenshots": "^0.5.22"
      },
      "dependencies": {
        "fs-extra": {
          "version": "11.2.0",
          "resolved": "https://registry.npmmirror.com/fs-extra/-/fs-extra-11.2.0.tgz",
          "integrity": "sha512-PmDi3uwK5nFuXh7XDTlVnS17xJS7vW36is2+w3xcv8SVxiB4NyATf4ctkVY5bkSjX0Y4nbvZCq1/EjtEyr9ktw==",
          "requires": {
            "graceful-fs": "^4.2.0",
            "jsonfile": "^6.0.1",
            "universalify": "^2.0.0"
          }
        },
        "jsonfile": {
          "version": "6.1.0",
          "resolved": "https://registry.npmmirror.com/jsonfile/-/jsonfile-6.1.0.tgz",
          "integrity": "sha512-5dgndWOriYSm5cnYaJNhalLNDKOqFwyDB/rr1E9ZsGciGvKPs8R2xYGCacuf3z6K1YKDz182fd+fY3cn3pMqXQ==",
          "requires": {
            "graceful-fs": "^4.1.6",
            "universalify": "^2.0.0"
          }
        },
        "universalify": {
          "version": "2.0.1",
          "resolved": "https://registry.npmmirror.com/universalify/-/universalify-2.0.1.tgz",
          "integrity": "sha512-gptHNQghINnc/vTGIk0SOFGFNXw7JVrlRUtConJRlvaw6DuX0wO5Jeko9sWrMBhh+PsYAZ7oXAiOnf/UKogyiw=="
        }
      }
    },
    "graceful-fs": {
      "version": "4.2.11",
      "resolved": "https://registry.npmmirror.com/graceful-fs/-/graceful-fs-4.2.11.tgz",
      "integrity": "sha512-RbJ5/jmFcNNCcDV5o9eTnBLJ/HszWV0P73bc+Ff4nS/rJj+YaS6IGyiOL0VoBYX+l1Wrl3k63h/KrH+nhJ0XvQ=="
    },
    "ms": {
      "version": "2.1.2",
      "resolved": "https://registry.npmmirror.com/ms/-/ms-2.1.2.tgz",
      "integrity": "sha512-sGkPx+VjMtmA6MX27oA4FBFELFCZZ4S4XqeGOXCv68tT+jb3vk/RyaKWP0PTKyWtmLSM0b+adUTEvbs1PEaH2w=="
    },
    "node-screenshots": {
      "version": "0.1.9",
      "resolved": "https://registry.npmmirror.com/node-screenshots/-/node-screenshots-0.1.9.tgz",
      "integrity": "sha512-9f6yV/e7LU0KWkOJAQNR6GTEtnbnSaZKf9ukkF1VDJk0qj3aIcedQqYtd92IdEK8chVg+YbMfSuchlhq8iHI0Q==",
      "requires": {
        "node-screenshots-darwin-arm64": "0.1.9",
        "node-screenshots-darwin-universal": "0.1.9",
        "node-screenshots-darwin-x64": "0.1.9",
        "node-screenshots-linux-x64-gnu": "0.1.9",
        "node-screenshots-linux-x64-musl": "0.1.9",
        "node-screenshots-win32-arm64-msvc": "0.1.9",
        "node-screenshots-win32-ia32-msvc": "0.1.9",
        "node-screenshots-win32-x64-msvc": "0.1.9"
      }
    },
    "node-screenshots-darwin-arm64": {
      "version": "0.1.9",
      "resolved": "https://registry.npmmirror.com/node-screenshots-darwin-arm64/-/node-screenshots-darwin-arm64-0.1.9.tgz",
      "integrity": "sha512-zDhuui2hsgUA5FyL1wQQ9c2lPbvqmJzi45g7J+sxEmDDvRjmVv+92wTuiWuERiVAIkpjN2h+f2IR3HtOgHJHXw==",
      "optional": true
    },
    "node-screenshots-darwin-universal": {
      "version": "0.1.9",
      "resolved": "https://registry.npmmirror.com/node-screenshots-darwin-universal/-/node-screenshots-darwin-universal-0.1.9.tgz",
      "integrity": "sha512-4SbvokC/GvOTzYDQzcFa39c02mxWzvhIRT72J9ys82HcKgmeWWbVih2atLUvFONQrSnMt+pxrCUBqFiJVawcyQ==",
      "optional": true
    },
    "node-screenshots-darwin-x64": {
      "version": "0.1.9",
      "resolved": "https://registry.npmmirror.com/node-screenshots-darwin-x64/-/node-screenshots-darwin-x64-0.1.9.tgz",
      "integrity": "sha512-/+VYlLVbsoYYmV/by+oPZY7aUfwF02dyl0rWUxM+xaGn80o55zht05B4UaIN8vcuBByunsGv2gybECT6Gk74PA==",
      "optional": true
    },
    "node-screenshots-linux-x64-gnu": {
      "version": "0.1.9",
      "resolved": "https://registry.npmmirror.com/node-screenshots-linux-x64-gnu/-/node-screenshots-linux-x64-gnu-0.1.9.tgz",
      "integrity": "sha512-n7uTdNJCMqJ3tEMRq0wAOsq8qiK8cbOV+fqDgaQnlFLY+5PTxH67r09r41CJdWwX5sGeDsKHguosh7ZcGte+TA==",
      "optional": true
    },
    "node-screenshots-linux-x64-musl": {
      "version": "0.1.9",
      "resolved": "https://registry.npmmirror.com/node-screenshots-linux-x64-musl/-/node-screenshots-linux-x64-musl-0.1.9.tgz",
      "integrity": "sha512-zOIv5rIpL+ndWH0XWLrJOIELxh4P96WcE1omaql2oeWleS4EGwb0VqVJLhjadiMm1YROq8nvp8Vxz850nw5XPQ==",
      "optional": true
    },
    "node-screenshots-win32-arm64-msvc": {
      "version": "0.1.9",
      "resolved": "https://registry.npmmirror.com/node-screenshots-win32-arm64-msvc/-/node-screenshots-win32-arm64-msvc-0.1.9.tgz",
      "integrity": "sha512-wBw6SsRSKcLMyM3zTx38rzPJ1l5MjDvveWbacpkSkOXmlMMknhDr7wOsDM/VvbBV9RnEid6+AJ25gXc35HJrcA==",
      "optional": true
    },
    "node-screenshots-win32-ia32-msvc": {
      "version": "0.1.9",
      "resolved": "https://registry.npmmirror.com/node-screenshots-win32-ia32-msvc/-/node-screenshots-win32-ia32-msvc-0.1.9.tgz",
      "integrity": "sha512-uZW5gbKV6Hrmk2tafoAyHnn48cJ0LWRsSh8HQjiOjyeYd2E29ubPczhlt7NhAxr7ZUCzDeOigEZYm+VV2HCTrg==",
      "optional": true
    },
    "node-screenshots-win32-x64-msvc": {
      "version": "0.1.9",
      "resolved": "https://registry.npmmirror.com/node-screenshots-win32-x64-msvc/-/node-screenshots-win32-x64-msvc-0.1.9.tgz",
      "integrity": "sha512-9HR/YaYwAImHeuptFtnQuP4/JI9OxfcqQlLiK1XgYwH18eTnv49ukG09MbDAiHvXXWYxQK3Q5w2H7da7FCoCWA==",
      "optional": true
    },
    "react-screenshots": {
      "version": "0.5.22",
      "resolved": "https://registry.npmmirror.com/react-screenshots/-/react-screenshots-0.5.22.tgz",
      "integrity": "sha512-aooIlb1k6161BTqhhyADlMrlF0n1UdudjuhyvXaCQfwURXZNuUerMxFuOfwNCgSbPAHlxdHCWtYQ6iQT+RaF+w=="
    }
  }
}